
Microsoft Visual Studio Solution File, Format Version 12.00
# Visual Studio Version 17
VisualStudioVersion = 17.5.001.0
MinimumVisualStudioVersion = 10.0.40219.1
Project("{9A19103F-16F7-4668-BE54-9A1E7A4F7556}") = "Api", "Api\Api.csproj", "{C012434A-E3A9-4303-9AB9-5563CF734AAF}"
EndProject
Project("{9A19103F-16F7-4668-BE54-9A1E7A4F7556}") = "Application", "Application\Application.csproj", "{61363A84-355D-4981-B101-5DD33348EC18}"
EndProject
Project("{9A19103F-16F7-4668-BE54-9A1E7A4F7556}") = "Domain", "Domain\Domain.csproj", "{0CAA2A27-80BD-4D50-B38F-4F5A67E61572}"
EndProject
Project("{9A19103F-16F7-4668-BE54-9A1E7A4F7556}") = "Infrastructure", "Infrastructure\Infrastructure.csproj", "{CED35DCE-E9BA-4A71-AA44-96A27A74E7F6}"
EndProject
Project("{FAE04EC0-301F-11D3-BF4B-00C04F79EFBC}") = "Tests", "Tests\Tests.csproj", "{80C33AD5-0BB4-419A-9D10-AEC26285CFE0}"
EndProject
Global
	GlobalSection(SolutionConfigurationPlatforms) = preSolution
		Debug|Any CPU = Debug|Any CPU
		Release|Any CPU = Release|Any CPU
	EndGlobalSection
	GlobalSection(ProjectConfigurationPlatforms) = postSolution
		{C012434A-E3A9-4303-9AB9-5563CF734AAF}.Debug|Any CPU.ActiveCfg = Debug|Any CPU
		{C012434A-E3A9-4303-9AB9-5563CF734AAF}.Debug|Any CPU.Build.0 = Debug|Any CPU
		{C012434A-E3A9-4303-9AB9-5563CF734AAF}.Release|Any CPU.ActiveCfg = Release|Any CPU
		{C012434A-E3A9-4303-9AB9-5563CF734AAF}.Release|Any CPU.Build.0 = Release|Any CPU
		{61363A84-355D-4981-B101-5DD33348EC18}.Debug|Any CPU.ActiveCfg = Debug|Any CPU
		{61363A84-355D-4981-B101-5DD33348EC18}.Debug|Any CPU.Build.0 = Debug|Any CPU
		{61363A84-355D-4981-B101-5DD33348EC18}.Release|Any CPU.ActiveCfg = Release|Any CPU
		{61363A84-355D-4981-B101-5DD33348EC18}.Release|Any CPU.Build.0 = Release|Any CPU
		{0CAA2A27-80BD-4D50-B38F-4F5A67E61572}.Debug|Any CPU.ActiveCfg = Debug|Any CPU
		{0CAA2A27-80BD-4D50-B38F-4F5A67E61572}.Debug|Any CPU.Build.0 = Debug|Any CPU
		{0CAA2A27-80BD-4D50-B38F-4F5A67E61572}.Release|Any CPU.ActiveCfg = Release|Any CPU
		{0CAA2A27-80BD-4D50-B38F-4F5A67E61572}.Release|Any CPU.Build.0 = Release|Any CPU
		{CED35DCE-E9BA-4A71-AA44-96A27A74E7F6}.Debug|Any CPU.ActiveCfg = Debug|Any CPU
		{CED35DCE-E9BA-4A71-AA44-96A27A74E7F6}.Debug|Any CPU.Build.0 = Debug|Any CPU
		{CED35DCE-E9BA-4A71-AA44-96A27A74E7F6}.Release|Any CPU.ActiveCfg = Release|Any CPU
		{CED35DCE-E9BA-4A71-AA44-96A27A74E7F6}.Release|Any CPU.Build.0 = Release|Any CPU
		{80C33AD5-0BB4-419A-9D10-AEC26285CFE0}.Debug|Any CPU.ActiveCfg = Debug|Any CPU
		{80C33AD5-0BB4-419A-9D10-AEC26285CFE0}.Debug|Any CPU.Build.0 = Debug|Any CPU
		{80C33AD5-0BB4-419A-9D10-AEC26285CFE0}.Release|Any CPU.ActiveCfg = Release|Any CPU
		{80C33AD5-0BB4-419A-9D10-AEC26285CFE0}.Release|Any CPU.Build.0 = Release|Any CPU
	EndGlobalSection
	GlobalSection(SolutionProperties) = preSolution
		HideSolutionNode = FALSE
	EndGlobalSection
	GlobalSection(ExtensibilityGlobals) = postSolution
		SolutionGuid = {C308762F-8297-476D-9BB2-AB08492CB95E}
	EndGlobalSection
EndGlobal
